PODS:
  - Flutter (1.0.0)
  - flutter_beep (0.0.1):
    - Flutter
  - google_maps_flutter (0.0.1):
    - Flutter
    - GoogleMaps
  - GoogleMaps (4.1.0):
    - GoogleMaps/Maps (= 4.1.0)
  - GoogleMaps/Base (4.1.0)
  - GoogleMaps/Maps (4.1.0):
    - GoogleMaps/Base
  - hexcolor (0.0.1):
    - Flutter
  - image_picker (0.0.1):
    - Flutter
  - kiosk_mode (0.0.1):
    - Flutter
  - MTBBarcodeScanner (5.0.11)
  - path_provider_ios (0.0.1):
    - Flutter
  - permission_handler_apple (9.0.2):
    - Flutter
  - qr_code_scanner (0.2.0):
    - Flutter
    - MTBBarcodeScanner
  - url_launcher_ios (0.0.1):
    - Flutter

DEPENDENCIES:
  - Flutter (from `Flutter`)
  - flutter_beep (from `.symlinks/plugins/flutter_beep/ios`)
  - google_maps_flutter (from `.symlinks/plugins/google_maps_flutter/ios`)
  - hexcolor (from `.symlinks/plugins/hexcolor/ios`)
  - image_picker (from `.symlinks/plugins/image_picker/ios`)
  - kiosk_mode (from `.symlinks/plugins/kiosk_mode/ios`)
  - path_provider_ios (from `.symlinks/plugins/path_provider_ios/ios`)
  - permission_handler_apple (from `.symlinks/plugins/permission_handler_apple/ios`)
  - qr_code_scanner (from `.symlinks/plugins/qr_code_scanner/ios`)
  - url_launcher_ios (from `.symlinks/plugins/url_launcher_ios/ios`)

SPEC REPOS:
  trunk:
    - GoogleMaps
    - MTBBarcodeScanner

EXTERNAL SOURCES:
  Flutter:
    :path: Flutter
  flutter_beep:
    :path: ".symlinks/plugins/flutter_beep/ios"
  google_maps_flutter:
    :path: ".symlinks/plugins/google_maps_flutter/ios"
  hexcolor:
    :path: ".symlinks/plugins/hexcolor/ios"
  image_picker:
    :path: ".symlinks/plugins/image_picker/ios"
  kiosk_mode:
    :path: ".symlinks/plugins/kiosk_mode/ios"
  path_provider_ios:
    :path: ".symlinks/plugins/path_provider_ios/ios"
  permission_handler_apple:
    :path: ".symlinks/plugins/permission_handler_apple/ios"
  qr_code_scanner:
    :path: ".symlinks/plugins/qr_code_scanner/ios"
  url_launcher_ios:
    :path: ".symlinks/plugins/url_launcher_ios/ios"

SPEC CHECKSUMS:
  Flutter: 50d75fe2f02b26cc09d224853bb45737f8b3214a
  flutter_beep: 54fb393b22dfa0f0e4573c81b1c74dd71c4e5af8
  google_maps_flutter: c59fc576c0d0c7f4dc4bd63832c862d22d5a7c6d
  GoogleMaps: 008e2c80e38605b56b560e8deb73d4194ff30bef
  hexcolor: fdfb9c4258ad96e949c2dbcdf790a62194b8aa89
  image_picker: 541dcbb3b9cf32d87eacbd957845d8651d6c62c3
  kiosk_mode: 29a54598be6081da927a5eb6949c0ccac7e01de4
  MTBBarcodeScanner: f453b33c4b7dfe545d8c6484ed744d55671788cb
  path_provider_ios: 14f3d2fd28c4fdb42f44e0f751d12861c43cee02
  permission_handler_apple: d21b38e1a4b2e041c63af9568f9165e114e507a6
  qr_code_scanner: bb67d64904c3b9658ada8c402e8b4d406d5d796e
  url_launcher_ios: 839c58cdb4279282219f5e248c3321761ff3c4de

PODFILE CHECKSUM: a75497545d4391e2d394c3668e20cfb1c2bbd4aa

COCOAPODS: 1.11.3
